
Microsoft Visual Studio Solution File, Format Version 12.00
# Visual Studio 15
VisualStudioVersion = 15.0.27428.2015
MinimumVisualStudioVersion = 10.0.40219.1
Project("{9A19103F-16F7-4668-BE54-9A1E7A4F7556}") = "Kata.Bowling", "src\Kata.Bowling.csproj", "{66367C36-F693-4790-9B2B-BBFE4267A92C}"
EndProject
Project("{FAE04EC0-301F-11D3-BF4B-00C04F79EFBC}") = "Kata.Bowling.UnitTests", "test\Kata.Bowling.UnitTests\Kata.Bowling.UnitTests.csproj", "{56A13D53-62B8-453C-89E1-C7C66F5B9150}"
EndProject
Global
	GlobalSection(SolutionConfigurationPlatforms) = preSolution
		Debug|Any CPU = Debug|Any CPU
		Release|Any CPU = Release|Any CPU
	EndGlobalSection
	GlobalSection(ProjectConfigurationPlatforms) = postSolution
		{66367C36-F693-4790-9B2B-BBFE4267A92C}.Debug|Any CPU.ActiveCfg = Debug|Any CPU
		{66367C36-F693-4790-9B2B-BBFE4267A92C}.Debug|Any CPU.Build.0 = Debug|Any CPU
		{66367C36-F693-4790-9B2B-BBFE4267A92C}.Release|Any CPU.ActiveCfg = Release|Any CPU
		{66367C36-F693-4790-9B2B-BBFE4267A92C}.Release|Any CPU.Build.0 = Release|Any CPU
		{56A13D53-62B8-453C-89E1-C7C66F5B9150}.Debug|Any CPU.ActiveCfg = Debug|Any CPU
		{56A13D53-62B8-453C-89E1-C7C66F5B9150}.Debug|Any CPU.Build.0 = Debug|Any CPU
		{56A13D53-62B8-453C-89E1-C7C66F5B9150}.Release|Any CPU.ActiveCfg = Release|Any CPU
		{56A13D53-62B8-453C-89E1-C7C66F5B9150}.Release|Any CPU.Build.0 = Release|Any CPU
	EndGlobalSection
	GlobalSection(SolutionProperties) = preSolution
		HideSolutionNode = FALSE
	EndGlobalSection
	GlobalSection(ExtensibilityGlobals) = postSolution
		SolutionGuid = {FCD75545-B5CD-44F3-856E-BEE79F8D5C05}
	EndGlobalSection
EndGlobal
